
Microsoft Visual Studio Solution File, Format Version 11.00
# Visual Studio 2010
Project("{FAE04EC0-301F-11D3-BF4B-00C04F79EFBC}") = "UniTask", "UniTask.csproj", "{69ad5cd5-7a5d-b72e-f6c5-45fb4c8a3f76}"
EndProject
Project("{FAE04EC0-301F-11D3-BF4B-00C04F79EFBC}") = "UniTask.Linq", "UniTask.Linq.csproj", "{539bd578-24e7-d123-20e9-5d0493266491}"
EndProject
Project("{FAE04EC0-301F-11D3-BF4B-00C04F79EFBC}") = "UniRx", "UniRx.csproj", "{ce390c13-4fa5-0cb7-7896-431d1552884d}"
EndProject
Project("{FAE04EC0-301F-11D3-BF4B-00C04F79EFBC}") = "Assembly-CSharp", "Assembly-CSharp.csproj", "{3435415f-157d-d9b6-29e6-606402e4f197}"
EndProject
Project("{FAE04EC0-301F-11D3-BF4B-00C04F79EFBC}") = "UniTask.DOTween", "UniTask.DOTween.csproj", "{a7bd42b4-3e07-4f0a-0bf2-c7f50b2245d3}"
EndProject
Project("{FAE04EC0-301F-11D3-BF4B-00C04F79EFBC}") = "UniRx.Examples", "UniRx.Examples.csproj", "{9d8a7c2a-e922-67a4-926f-4afba4c536b3}"
EndProject
Project("{FAE04EC0-301F-11D3-BF4B-00C04F79EFBC}") = "UniTask.Addressables", "UniTask.Addressables.csproj", "{16eaea80-1666-36d1-2222-e02418282514}"
EndProject
Project("{FAE04EC0-301F-11D3-BF4B-00C04F79EFBC}") = "UniTask.TextMeshPro", "UniTask.TextMeshPro.csproj", "{236bb016-ec34-7ff9-ea0d-970d847b0ffc}"
EndProject
Project("{FAE04EC0-301F-11D3-BF4B-00C04F79EFBC}") = "Assembly-CSharp-Editor", "Assembly-CSharp-Editor.csproj", "{b03f0b3e-4025-ef7a-a4d8-a8135bcfd61a}"
EndProject
Project("{FAE04EC0-301F-11D3-BF4B-00C04F79EFBC}") = "UniTask.Editor", "UniTask.Editor.csproj", "{80034e43-4e03-d496-487e-0249d0b3bf29}"
EndProject
Project("{FAE04EC0-301F-11D3-BF4B-00C04F79EFBC}") = "Assembly-CSharp-firstpass", "Assembly-CSharp-firstpass.csproj", "{e263ef02-08c8-9256-2d57-b071604fc682}"
EndProject
Global
	GlobalSection(SolutionConfigurationPlatforms) = preSolution
		Debug|Any CPU = Debug|Any CPU
	EndGlobalSection
	GlobalSection(ProjectConfigurationPlatforms) = postSolution
		{69ad5cd5-7a5d-b72e-f6c5-45fb4c8a3f76}.Debug|Any CPU.ActiveCfg = Debug|Any CPU
		{69ad5cd5-7a5d-b72e-f6c5-45fb4c8a3f76}.Debug|Any CPU.Build.0 = Debug|Any CPU
		{539bd578-24e7-d123-20e9-5d0493266491}.Debug|Any CPU.ActiveCfg = Debug|Any CPU
		{539bd578-24e7-d123-20e9-5d0493266491}.Debug|Any CPU.Build.0 = Debug|Any CPU
		{ce390c13-4fa5-0cb7-7896-431d1552884d}.Debug|Any CPU.ActiveCfg = Debug|Any CPU
		{ce390c13-4fa5-0cb7-7896-431d1552884d}.Debug|Any CPU.Build.0 = Debug|Any CPU
		{3435415f-157d-d9b6-29e6-606402e4f197}.Debug|Any CPU.ActiveCfg = Debug|Any CPU
		{3435415f-157d-d9b6-29e6-606402e4f197}.Debug|Any CPU.Build.0 = Debug|Any CPU
		{a7bd42b4-3e07-4f0a-0bf2-c7f50b2245d3}.Debug|Any CPU.ActiveCfg = Debug|Any CPU
		{a7bd42b4-3e07-4f0a-0bf2-c7f50b2245d3}.Debug|Any CPU.Build.0 = Debug|Any CPU
		{9d8a7c2a-e922-67a4-926f-4afba4c536b3}.Debug|Any CPU.ActiveCfg = Debug|Any CPU
		{9d8a7c2a-e922-67a4-926f-4afba4c536b3}.Debug|Any CPU.Build.0 = Debug|Any CPU
		{16eaea80-1666-36d1-2222-e02418282514}.Debug|Any CPU.ActiveCfg = Debug|Any CPU
		{16eaea80-1666-36d1-2222-e02418282514}.Debug|Any CPU.Build.0 = Debug|Any CPU
		{236bb016-ec34-7ff9-ea0d-970d847b0ffc}.Debug|Any CPU.ActiveCfg = Debug|Any CPU
		{236bb016-ec34-7ff9-ea0d-970d847b0ffc}.Debug|Any CPU.Build.0 = Debug|Any CPU
		{b03f0b3e-4025-ef7a-a4d8-a8135bcfd61a}.Debug|Any CPU.ActiveCfg = Debug|Any CPU
		{b03f0b3e-4025-ef7a-a4d8-a8135bcfd61a}.Debug|Any CPU.Build.0 = Debug|Any CPU
		{80034e43-4e03-d496-487e-0249d0b3bf29}.Debug|Any CPU.ActiveCfg = Debug|Any CPU
		{80034e43-4e03-d496-487e-0249d0b3bf29}.Debug|Any CPU.Build.0 = Debug|Any CPU
		{e263ef02-08c8-9256-2d57-b071604fc682}.Debug|Any CPU.ActiveCfg = Debug|Any CPU
		{e263ef02-08c8-9256-2d57-b071604fc682}.Debug|Any CPU.Build.0 = Debug|Any CPU
	EndGlobalSection
	GlobalSection(SolutionProperties) = preSolution
		HideSolutionNode = FALSE
	EndGlobalSection
EndGlobal
